
Microsoft Visual Studio Solution File, Format Version 12.00
# Visual Studio Version 17
VisualStudioVersion = 17.9.34616.47
MinimumVisualStudioVersion = 10.0.40219.1
Project("{8BC9CEB8-8B4A-11D0-8D11-00A0C91BC942}") = "Pemdas7", "Pemdas7\Pemdas7.vcxproj", "{FFE19AD7-6B31-4D88-8E84-B23A77EE1D02}"
EndProject
Global
	GlobalSection(SolutionConfigurationPlatforms) = preSolution
		Debug|x64 = Debug|x64
		Debug|x86 = Debug|x86
		Release|x64 = Release|x64
		Release|x86 = Release|x86
	EndGlobalSection
	GlobalSection(ProjectConfigurationPlatforms) = postSolution
		{FFE19AD7-6B31-4D88-8E84-B23A77EE1D02}.Debug|x64.ActiveCfg = Debug|x64
		{FFE19AD7-6B31-4D88-8E84-B23A77EE1D02}.Debug|x64.Build.0 = Debug|x64
		{FFE19AD7-6B31-4D88-8E84-B23A77EE1D02}.Debug|x86.ActiveCfg = Debug|Win32
		{FFE19AD7-6B31-4D88-8E84-B23A77EE1D02}.Debug|x86.Build.0 = Debug|Win32
		{FFE19AD7-6B31-4D88-8E84-B23A77EE1D02}.Release|x64.ActiveCfg = Release|x64
		{FFE19AD7-6B31-4D88-8E84-B23A77EE1D02}.Release|x64.Build.0 = Release|x64
		{FFE19AD7-6B31-4D88-8E84-B23A77EE1D02}.Release|x86.ActiveCfg = Release|Win32
		{FFE19AD7-6B31-4D88-8E84-B23A77EE1D02}.Release|x86.Build.0 = Release|Win32
	EndGlobalSection
	GlobalSection(SolutionProperties) = preSolution
		HideSolutionNode = FALSE
	EndGlobalSection
	GlobalSection(ExtensibilityGlobals) = postSolution
		SolutionGuid = {C13416FE-E908-490E-9876-421EED11C655}
	EndGlobalSection
EndGlobal
